
Microsoft Visual Studio Solution File, Format Version 12.00
# Visual Studio Version 17
VisualStudioVersion = 17.10.35013.160
MinimumVisualStudioVersion = 10.0.40219.1
Project("{9A19103F-16F7-4668-BE54-9A1E7A4F7556}") = "ControleLancamentos", "ControleLancamentos\ControleLancamentos.csproj", "{4B7B1DAF-F883-4921-999C-CA0F8B86C236}"
EndProject
Project("{FAE04EC0-301F-11D3-BF4B-00C04F79EFBC}") = "ControleLancamentos.Tests", "ControleLancamentos.Tests\ControleLancamentos.Tests.csproj", "{09A19E23-D89F-474D-A896-AA3796C848CF}"
EndProject
Global
	GlobalSection(SolutionConfigurationPlatforms) = preSolution
		Debug|Any CPU = Debug|Any CPU
		Release|Any CPU = Release|Any CPU
	EndGlobalSection
	GlobalSection(ProjectConfigurationPlatforms) = postSolution
		{4B7B1DAF-F883-4921-999C-CA0F8B86C236}.Debug|Any CPU.ActiveCfg = Debug|Any CPU
		{4B7B1DAF-F883-4921-999C-CA0F8B86C236}.Debug|Any CPU.Build.0 = Debug|Any CPU
		{4B7B1DAF-F883-4921-999C-CA0F8B86C236}.Release|Any CPU.ActiveCfg = Release|Any CPU
		{4B7B1DAF-F883-4921-999C-CA0F8B86C236}.Release|Any CPU.Build.0 = Release|Any CPU
		{09A19E23-D89F-474D-A896-AA3796C848CF}.Debug|Any CPU.ActiveCfg = Debug|Any CPU
		{09A19E23-D89F-474D-A896-AA3796C848CF}.Debug|Any CPU.Build.0 = Debug|Any CPU
		{09A19E23-D89F-474D-A896-AA3796C848CF}.Release|Any CPU.ActiveCfg = Release|Any CPU
		{09A19E23-D89F-474D-A896-AA3796C848CF}.Release|Any CPU.Build.0 = Release|Any CPU
	EndGlobalSection
	GlobalSection(SolutionProperties) = preSolution
		HideSolutionNode = FALSE
	EndGlobalSection
	GlobalSection(ExtensibilityGlobals) = postSolution
		SolutionGuid = {58405029-CAF2-45EB-8CD5-0BA4E8EDABDC}
	EndGlobalSection
EndGlobal
